# Exact transitive versions observed and tested in Python 3.13.5 / Linux.
# Regenerate and test for another platform; no artifact hashes or security certification are implied.
alembic==1.18.4
annotated-doc==0.0.4
annotated-types==0.7.0
anyio==4.13.0
certifi==2026.5.20
click==8.1.8
coverage==7.13.3
fastapi==0.128.2
greenlet==3.5.1
h11==0.16.0
httpcore==1.0.9
httpx==0.28.1
idna==3.17
iniconfig==2.3.0
mako==1.3.12
markupsafe==3.0.3
packaging==25.0
pluggy==1.6.0
pydantic==2.13.4
pydantic-core==2.46.4
pydantic-settings==2.14.1
pygments==2.20.0
pytest==9.0.2
pytest-cov==7.0.0
python-dotenv==1.2.2
sqlalchemy==2.0.50
starlette==0.50.0
typing-extensions==4.16.0
typing-inspection==0.4.2
uvicorn==0.48.0
